
Microsoft Visual Studio Solution File, Format Version 12.00
# Visual Studio Version 16
VisualStudioVersion = 16.0.30011.22
MinimumVisualStudioVersion = 10.0.40219.1
Project("{9A19103F-16F7-4668-BE54-9A1E7A4F7556}") = "DonationManagerWebHooks", "DonationManagerWebHooks\DonationManagerWebHooks.csproj", "{C6B92F14-51D3-458D-A0B3-E4EBB48615CB}"
EndProject
Global
	GlobalSection(SolutionConfigurationPlatforms) = preSolution
		Debug|Any CPU = Debug|Any CPU
		Release|Any CPU = Release|Any CPU
		test|Any CPU = test|Any CPU
	EndGlobalSection
	GlobalSection(ProjectConfigurationPlatforms) = postSolution
		{C6B92F14-51D3-458D-A0B3-E4EBB48615CB}.Debug|Any CPU.ActiveCfg = Debug|Any CPU
		{C6B92F14-51D3-458D-A0B3-E4EBB48615CB}.Debug|Any CPU.Build.0 = Debug|Any CPU
		{C6B92F14-51D3-458D-A0B3-E4EBB48615CB}.Release|Any CPU.ActiveCfg = Release|Any CPU
		{C6B92F14-51D3-458D-A0B3-E4EBB48615CB}.Release|Any CPU.Build.0 = Release|Any CPU
		{C6B92F14-51D3-458D-A0B3-E4EBB48615CB}.test|Any CPU.ActiveCfg = test|Any CPU
		{C6B92F14-51D3-458D-A0B3-E4EBB48615CB}.test|Any CPU.Build.0 = test|Any CPU
	EndGlobalSection
	GlobalSection(SolutionProperties) = preSolution
		HideSolutionNode = FALSE
	EndGlobalSection
	GlobalSection(ExtensibilityGlobals) = postSolution
		SolutionGuid = {8DA48FEA-3115-4AC5-9598-72C8FB81A315}
	EndGlobalSection
EndGlobal
